
Microsoft Visual Studio Solution File, Format Version 12.00
# Visual Studio Version 16
VisualStudioVersion = 16.0.30413.136
MinimumVisualStudioVersion = 10.0.40219.1
Project("{FAE04EC0-301F-11D3-BF4B-00C04F79EFBC}") = "Calculator", "Calculator.csproj", "{BBAF173A-603C-476F-90CB-054CA993F0E5}"
EndProject
Global
	GlobalSection(SolutionConfigurationPlatforms) = preSolution
		Debug|Any CPU = Debug|Any CPU
		Release|Any CPU = Release|Any CPU
	EndGlobalSection
	GlobalSection(ProjectConfigurationPlatforms) = postSolution
		{BBAF173A-603C-476F-90CB-054CA993F0E5}.Debug|Any CPU.ActiveCfg = Debug|Any CPU
		{BBAF173A-603C-476F-90CB-054CA993F0E5}.Debug|Any CPU.Build.0 = Debug|Any CPU
		{BBAF173A-603C-476F-90CB-054CA993F0E5}.Release|Any CPU.ActiveCfg = Release|Any CPU
		{BBAF173A-603C-476F-90CB-054CA993F0E5}.Release|Any CPU.Build.0 = Release|Any CPU
	EndGlobalSection
	GlobalSection(SolutionProperties) = preSolution
		HideSolutionNode = FALSE
	EndGlobalSection
	GlobalSection(ExtensibilityGlobals) = postSolution
		SolutionGuid = {198D7D35-5992-41E7-A016-4233AE5DBEB1}
	EndGlobalSection
EndGlobal
